Microsoft Visual Studio Solution File, Format Version 12.00
# Visual Studio Version 17
VisualStudioVersion = 17.5.2.0
MinimumVisualStudioVersion = 10.0.40219.1
Project("{FAE04EC0-301F-11D3-BF4B-00C04F79EFBC}") = "SecurityMonitor", "SecurityMonitor\SecurityMonitor.csproj", "{BA306AD1-62EE-11E6-5E5F-A66798D13680}"
EndProject
Project("{FAE04EC0-301F-11D3-BF4B-00C04F79EFBC}") = "SecurityMonitor.Tests", "SecurityMonitor.Tests\SecurityMonitor.Tests.csproj", "{00923216-BCDE-C490-0A03-608E8D3A1B05}"
EndProject
Global
	GlobalSection(SolutionConfigurationPlatforms) = preSolution
		Debug|Any CPU = Debug|Any CPU
		Release|Any CPU = Release|Any CPU
	EndGlobalSection
	GlobalSection(ProjectConfigurationPlatforms) = postSolution
		{BA306AD1-62EE-11E6-5E5F-A66798D13680}.Debug|Any CPU.ActiveCfg = Debug|Any CPU
		{BA306AD1-62EE-11E6-5E5F-A66798D13680}.Debug|Any CPU.Build.0 = Debug|Any CPU
		{BA306AD1-62EE-11E6-5E5F-A66798D13680}.Release|Any CPU.ActiveCfg = Release|Any CPU
		{BA306AD1-62EE-11E6-5E5F-A66798D13680}.Release|Any CPU.Build.0 = Release|Any CPU
		{00923216-BCDE-C490-0A03-608E8D3A1B05}.Debug|Any CPU.ActiveCfg = Debug|Any CPU
		{00923216-BCDE-C490-0A03-608E8D3A1B05}.Debug|Any CPU.Build.0 = Debug|Any CPU
		{00923216-BCDE-C490-0A03-608E8D3A1B05}.Release|Any CPU.ActiveCfg = Release|Any CPU
		{00923216-BCDE-C490-0A03-608E8D3A1B05}.Release|Any CPU.Build.0 = Release|Any CPU
	EndGlobalSection
	GlobalSection(SolutionProperties) = preSolution
		HideSolutionNode = FALSE
	EndGlobalSection
	GlobalSection(ExtensibilityGlobals) = postSolution
		SolutionGuid = {5547F817-051D-488D-BFCB-40E35CD75751}
	EndGlobalSection
EndGlobal
